DEPENDENCIES
  awscli
    path: cookbooks/awscli
  basic_packages
    path: cookbooks/basic_packages
  ec2-tags-ohai-plugin (~> 0.2.4)
  filebeat
    path: cookbooks/filebeat
  host_name
    path: cookbooks/host_name
  hostname (~> 0.4.2)
  hostsfile (~> 3.0.1)
  limits
    path: cookbooks/limits
  mongodb
    path: cookbooks/mongodb
  nginx
    path: cookbooks/nginx
  node
    path: cookbooks/node
  nvm (~> 0.1.7)
  php
    path: cookbooks/php
  selinux (~> 2.1.0)
  selinux_conf
    path: cookbooks/selinux_conf
  swap (~> 2.1.0)
  timezone
    path: cookbooks/timezone
  users
    path: cookbooks/users
  zabbix
    path: cookbooks/zabbix

GRAPH
  awscli (0.1.0)
  basic_packages (0.1.0)
  build-essential (8.0.4)
    mingw (>= 1.1)
    seven_zip (>= 0.0.0)
  ec2-tags-ohai-plugin (0.2.4)
    ohai (>= 4.0.0)
  filebeat (0.1.0)
  git (8.0.0)
    build-essential (>= 0.0.0)
    homebrew (>= 0.0.0)
  homebrew (4.2.0)
  host_name (0.1.0)
    ec2-tags-ohai-plugin (>= 0.0.0)
    hostsfile (>= 0.0.0)
  hostname (0.4.2)
    hostsfile (>= 0.0.0)
  hostsfile (3.0.1)
  limits (0.1.0)
  mingw (2.0.1)
    seven_zip (>= 0.0.0)
  mongodb (0.1.0)
  nginx (0.1.0)
  node (0.1.0)
    nvm (>= 0.0.0)
  nvm (0.1.7)
    build-essential (>= 0.0.0)
    git (>= 0.0.0)
  ohai (5.2.0)
  php (0.1.0)
  selinux (2.1.0)
  selinux_conf (0.1.0)
    selinux (>= 0.0.0)
  seven_zip (2.0.2)
    windows (>= 1.2.2)
  swap (2.1.0)
    sysctl (>= 0.0.0)
  sysctl (0.10.2)
    ohai (>= 4.0)
  timezone (0.1.0)
  users (0.1.0)
  windows (3.4.0)
    ohai (>= 4.0.0)
  zabbix (0.1.0)
